
Microsoft Visual Studio Solution File, Format Version 12.00
# Visual Studio Version 17
VisualStudioVersion = 17.7.34202.233
MinimumVisualStudioVersion = 10.0.40219.1
Project("{2150E333-8FDC-42A3-9474-1A3956D46DE8}") = "src", "src", "{F0AF3C88-9031-41E0-8304-240DD5549898}"
EndProject
Project("{2150E333-8FDC-42A3-9474-1A3956D46DE8}") = "ApiGateway", "ApiGateway", "{A019FD49-F4C5-4EA0-A5F2-DCE1C6831364}"
EndProject
Project("{2150E333-8FDC-42A3-9474-1A3956D46DE8}") = "Common", "Common", "{6A1FD9F0-4D90-48C9-9AFA-0995FF17EDEC}"
EndProject
Project("{2150E333-8FDC-42A3-9474-1A3956D46DE8}") = "ContactArea", "ContactArea", "{515C853B-3BDB-45E7-A4D1-94C0CD9BF90C}"
EndProject
Project("{2150E333-8FDC-42A3-9474-1A3956D46DE8}") = "ContactReportArea", "ContactReportArea", "{EE3C2BCC-5193-4869-9DE7-F144481747F5}"
EndProject
Project("{2150E333-8FDC-42A3-9474-1A3956D46DE8}") = "EventBusArea", "EventBusArea", "{8085C192-F4C2-48CA-9634-147F0EC2B2CE}"
EndProject
Project("{9A19103F-16F7-4668-BE54-9A1E7A4F7556}") = "ContactRegistry.ApiGateway", "src\ApiGateway\ContactRegistry.ApiGateway\ContactRegistry.ApiGateway.csproj", "{F6F6EA5F-EDB4-43A5-96F4-F3914CED2A4C}"
EndProject
Project("{9A19103F-16F7-4668-BE54-9A1E7A4F7556}") = "ContactRegistry.Common", "src\Common\ContactRegistry.Common\ContactRegistry.Common.csproj", "{D136513D-14E5-423C-BABD-9C22E399C9FF}"
EndProject
Project("{2150E333-8FDC-42A3-9474-1A3956D46DE8}") = "Core", "Core", "{1D00DC22-5709-4A80-BE18-DE5BF3317775}"
EndProject
Project("{2150E333-8FDC-42A3-9474-1A3956D46DE8}") = "Infrastructure", "Infrastructure", "{0B710C96-8478-40FE-BFCD-91BF9D42D68A}"
EndProject
Project("{2150E333-8FDC-42A3-9474-1A3956D46DE8}") = "Presentation", "Presentation", "{2A1E4E4C-3903-4406-B2F5-DD027D1C0086}"
EndProject
Project("{9A19103F-16F7-4668-BE54-9A1E7A4F7556}") = "ContactRegistry.Domain", "src\ContactArea\Core\ContactRegistery.Domain\ContactRegistry.Domain.csproj", "{E0DEFE52-6905-41A7-8909-CE858226C6CF}"
EndProject
Project("{9A19103F-16F7-4668-BE54-9A1E7A4F7556}") = "ContantRegistry.Application", "src\ContactArea\Core\ContantRegistry.Application\ContantRegistry.Application.csproj", "{14207349-AACE-47FA-B573-4B6BB5F5FD74}"
EndProject
Project("{9A19103F-16F7-4668-BE54-9A1E7A4F7556}") = "ContactRegistry.Infrastructure", "src\ContactArea\Infrastructure\ContactRegistery.Infrastructure\ContactRegistry.Infrastructure.csproj", "{33A64E74-96A4-4C08-85EF-B44BD20A3F65}"
EndProject
Project("{9A19103F-16F7-4668-BE54-9A1E7A4F7556}") = "ContactRegistry.Persistence", "src\ContactArea\Infrastructure\ContactRegistry.Persistence\ContactRegistry.Persistence.csproj", "{F4BA4E98-01DD-4834-8E8B-2A8254270CEC}"
EndProject
Project("{9A19103F-16F7-4668-BE54-9A1E7A4F7556}") = "ContactRegistry.ContactAPI", "src\ContactArea\Presentation\ContactRegistry.ContactAPI\ContactRegistry.ContactAPI.csproj", "{E7481AFF-3700-4007-9B9C-E1D2DC1F73C7}"
EndProject
Project("{2150E333-8FDC-42A3-9474-1A3956D46DE8}") = "tests", "tests", "{880FC7F3-3D9E-403B-B068-1018DE6C0C91}"
EndProject
Project("{9A19103F-16F7-4668-BE54-9A1E7A4F7556}") = "ContactAPIService.Test", "src\ContactArea\Presentation\tests\ContactAPIService.Test\ContactAPIService.Test.csproj", "{62117570-CF66-4C25-BCA9-CC609CF855B7}"
EndProject
Project("{9A19103F-16F7-4668-BE54-9A1E7A4F7556}") = "ContactRegistry.ContactReport", "src\ContactReportArea\ContactRegistry.ContactReport\ContactRegistry.ContactReport.csproj", "{04178910-344F-4387-8655-D76F794AFD03}"
EndProject
Project("{2150E333-8FDC-42A3-9474-1A3956D46DE8}") = "tests", "tests", "{90F65CF5-737F-4E35-AAB8-7CA6A6619748}"
EndProject
Project("{9A19103F-16F7-4668-BE54-9A1E7A4F7556}") = "ContactReportService.Test", "src\ContactReportArea\tests\ContactReportService.Test\ContactReportService.Test.csproj", "{FB679B74-F855-4CE8-ACE8-5C8D621FFCF3}"
EndProject
Project("{9A19103F-16F7-4668-BE54-9A1E7A4F7556}") = "RabbitMQEventBus", "src\EventBusArea\RabbitMQEventBus\RabbitMQEventBus.csproj", "{06FEFBB1-97CD-4336-A1B7-BB74A2C125D0}"
EndProject
Project("{E53339B2-1760-4266-BCC7-CA923CBCF16C}") = "docker-compose", "docker-compose.dcproj", "{726F03CD-D668-4034-86AC-2B94D3169AA6}"
EndProject
Global
	GlobalSection(SolutionConfigurationPlatforms) = preSolution
		Debug|Any CPU = Debug|Any CPU
		Release|Any CPU = Release|Any CPU
	EndGlobalSection
	GlobalSection(ProjectConfigurationPlatforms) = postSolution
		{F6F6EA5F-EDB4-43A5-96F4-F3914CED2A4C}.Debug|Any CPU.ActiveCfg = Debug|Any CPU
		{F6F6EA5F-EDB4-43A5-96F4-F3914CED2A4C}.Debug|Any CPU.Build.0 = Debug|Any CPU
		{F6F6EA5F-EDB4-43A5-96F4-F3914CED2A4C}.Release|Any CPU.ActiveCfg = Release|Any CPU
		{F6F6EA5F-EDB4-43A5-96F4-F3914CED2A4C}.Release|Any CPU.Build.0 = Release|Any CPU
		{D136513D-14E5-423C-BABD-9C22E399C9FF}.Debug|Any CPU.ActiveCfg = Debug|Any CPU
		{D136513D-14E5-423C-BABD-9C22E399C9FF}.Debug|Any CPU.Build.0 = Debug|Any CPU
		{D136513D-14E5-423C-BABD-9C22E399C9FF}.Release|Any CPU.ActiveCfg = Release|Any CPU
		{D136513D-14E5-423C-BABD-9C22E399C9FF}.Release|Any CPU.Build.0 = Release|Any CPU
		{E0DEFE52-6905-41A7-8909-CE858226C6CF}.Debug|Any CPU.ActiveCfg = Debug|Any CPU
		{E0DEFE52-6905-41A7-8909-CE858226C6CF}.Debug|Any CPU.Build.0 = Debug|Any CPU
		{E0DEFE52-6905-41A7-8909-CE858226C6CF}.Release|Any CPU.ActiveCfg = Release|Any CPU
		{E0DEFE52-6905-41A7-8909-CE858226C6CF}.Release|Any CPU.Build.0 = Release|Any CPU
		{14207349-AACE-47FA-B573-4B6BB5F5FD74}.Debug|Any CPU.ActiveCfg = Debug|Any CPU
		{14207349-AACE-47FA-B573-4B6BB5F5FD74}.Debug|Any CPU.Build.0 = Debug|Any CPU
		{14207349-AACE-47FA-B573-4B6BB5F5FD74}.Release|Any CPU.ActiveCfg = Release|Any CPU
		{14207349-AACE-47FA-B573-4B6BB5F5FD74}.Release|Any CPU.Build.0 = Release|Any CPU
		{33A64E74-96A4-4C08-85EF-B44BD20A3F65}.Debug|Any CPU.ActiveCfg = Debug|Any CPU
		{33A64E74-96A4-4C08-85EF-B44BD20A3F65}.Debug|Any CPU.Build.0 = Debug|Any CPU
		{33A64E74-96A4-4C08-85EF-B44BD20A3F65}.Release|Any CPU.ActiveCfg = Release|Any CPU
		{33A64E74-96A4-4C08-85EF-B44BD20A3F65}.Release|Any CPU.Build.0 = Release|Any CPU
		{F4BA4E98-01DD-4834-8E8B-2A8254270CEC}.Debug|Any CPU.ActiveCfg = Debug|Any CPU
		{F4BA4E98-01DD-4834-8E8B-2A8254270CEC}.Debug|Any CPU.Build.0 = Debug|Any CPU
		{F4BA4E98-01DD-4834-8E8B-2A8254270CEC}.Release|Any CPU.ActiveCfg = Release|Any CPU
		{F4BA4E98-01DD-4834-8E8B-2A8254270CEC}.Release|Any CPU.Build.0 = Release|Any CPU
		{E7481AFF-3700-4007-9B9C-E1D2DC1F73C7}.Debug|Any CPU.ActiveCfg = Debug|Any CPU
		{E7481AFF-3700-4007-9B9C-E1D2DC1F73C7}.Debug|Any CPU.Build.0 = Debug|Any CPU
		{E7481AFF-3700-4007-9B9C-E1D2DC1F73C7}.Release|Any CPU.ActiveCfg = Release|Any CPU
		{E7481AFF-3700-4007-9B9C-E1D2DC1F73C7}.Release|Any CPU.Build.0 = Release|Any CPU
		{62117570-CF66-4C25-BCA9-CC609CF855B7}.Debug|Any CPU.ActiveCfg = Debug|Any CPU
		{62117570-CF66-4C25-BCA9-CC609CF855B7}.Debug|Any CPU.Build.0 = Debug|Any CPU
		{62117570-CF66-4C25-BCA9-CC609CF855B7}.Release|Any CPU.ActiveCfg = Release|Any CPU
		{62117570-CF66-4C25-BCA9-CC609CF855B7}.Release|Any CPU.Build.0 = Release|Any CPU
		{04178910-344F-4387-8655-D76F794AFD03}.Debug|Any CPU.ActiveCfg = Debug|Any CPU
		{04178910-344F-4387-8655-D76F794AFD03}.Debug|Any CPU.Build.0 = Debug|Any CPU
		{04178910-344F-4387-8655-D76F794AFD03}.Release|Any CPU.ActiveCfg = Release|Any CPU
		{04178910-344F-4387-8655-D76F794AFD03}.Release|Any CPU.Build.0 = Release|Any CPU
		{FB679B74-F855-4CE8-ACE8-5C8D621FFCF3}.Debug|Any CPU.ActiveCfg = Debug|Any CPU
		{FB679B74-F855-4CE8-ACE8-5C8D621FFCF3}.Debug|Any CPU.Build.0 = Debug|Any CPU
		{FB679B74-F855-4CE8-ACE8-5C8D621FFCF3}.Release|Any CPU.ActiveCfg = Release|Any CPU
		{FB679B74-F855-4CE8-ACE8-5C8D621FFCF3}.Release|Any CPU.Build.0 = Release|Any CPU
		{06FEFBB1-97CD-4336-A1B7-BB74A2C125D0}.Debug|Any CPU.ActiveCfg = Debug|Any CPU
		{06FEFBB1-97CD-4336-A1B7-BB74A2C125D0}.Debug|Any CPU.Build.0 = Debug|Any CPU
		{06FEFBB1-97CD-4336-A1B7-BB74A2C125D0}.Release|Any CPU.ActiveCfg = Release|Any CPU
		{06FEFBB1-97CD-4336-A1B7-BB74A2C125D0}.Release|Any CPU.Build.0 = Release|Any CPU
		{726F03CD-D668-4034-86AC-2B94D3169AA6}.Debug|Any CPU.ActiveCfg = Debug|Any CPU
		{726F03CD-D668-4034-86AC-2B94D3169AA6}.Debug|Any CPU.Build.0 = Debug|Any CPU
		{726F03CD-D668-4034-86AC-2B94D3169AA6}.Release|Any CPU.ActiveCfg = Release|Any CPU
		{726F03CD-D668-4034-86AC-2B94D3169AA6}.Release|Any CPU.Build.0 = Release|Any CPU
	EndGlobalSection
	GlobalSection(SolutionProperties) = preSolution
		HideSolutionNode = FALSE
	EndGlobalSection
	GlobalSection(NestedProjects) = preSolution
		{A019FD49-F4C5-4EA0-A5F2-DCE1C6831364} = {F0AF3C88-9031-41E0-8304-240DD5549898}
		{6A1FD9F0-4D90-48C9-9AFA-0995FF17EDEC} = {F0AF3C88-9031-41E0-8304-240DD5549898}
		{515C853B-3BDB-45E7-A4D1-94C0CD9BF90C} = {F0AF3C88-9031-41E0-8304-240DD5549898}
		{EE3C2BCC-5193-4869-9DE7-F144481747F5} = {F0AF3C88-9031-41E0-8304-240DD5549898}
		{8085C192-F4C2-48CA-9634-147F0EC2B2CE} = {F0AF3C88-9031-41E0-8304-240DD5549898}
		{F6F6EA5F-EDB4-43A5-96F4-F3914CED2A4C} = {A019FD49-F4C5-4EA0-A5F2-DCE1C6831364}
		{D136513D-14E5-423C-BABD-9C22E399C9FF} = {6A1FD9F0-4D90-48C9-9AFA-0995FF17EDEC}
		{1D00DC22-5709-4A80-BE18-DE5BF3317775} = {515C853B-3BDB-45E7-A4D1-94C0CD9BF90C}
		{0B710C96-8478-40FE-BFCD-91BF9D42D68A} = {515C853B-3BDB-45E7-A4D1-94C0CD9BF90C}
		{2A1E4E4C-3903-4406-B2F5-DD027D1C0086} = {515C853B-3BDB-45E7-A4D1-94C0CD9BF90C}
		{E0DEFE52-6905-41A7-8909-CE858226C6CF} = {1D00DC22-5709-4A80-BE18-DE5BF3317775}
		{14207349-AACE-47FA-B573-4B6BB5F5FD74} = {1D00DC22-5709-4A80-BE18-DE5BF3317775}
		{33A64E74-96A4-4C08-85EF-B44BD20A3F65} = {0B710C96-8478-40FE-BFCD-91BF9D42D68A}
		{F4BA4E98-01DD-4834-8E8B-2A8254270CEC} = {0B710C96-8478-40FE-BFCD-91BF9D42D68A}
		{E7481AFF-3700-4007-9B9C-E1D2DC1F73C7} = {2A1E4E4C-3903-4406-B2F5-DD027D1C0086}
		{880FC7F3-3D9E-403B-B068-1018DE6C0C91} = {2A1E4E4C-3903-4406-B2F5-DD027D1C0086}
		{62117570-CF66-4C25-BCA9-CC609CF855B7} = {880FC7F3-3D9E-403B-B068-1018DE6C0C91}
		{04178910-344F-4387-8655-D76F794AFD03} = {EE3C2BCC-5193-4869-9DE7-F144481747F5}
		{90F65CF5-737F-4E35-AAB8-7CA6A6619748} = {EE3C2BCC-5193-4869-9DE7-F144481747F5}
		{FB679B74-F855-4CE8-ACE8-5C8D621FFCF3} = {90F65CF5-737F-4E35-AAB8-7CA6A6619748}
		{06FEFBB1-97CD-4336-A1B7-BB74A2C125D0} = {8085C192-F4C2-48CA-9634-147F0EC2B2CE}
	EndGlobalSection
	GlobalSection(ExtensibilityGlobals) = postSolution
		SolutionGuid = {A5466CF7-4AF3-4E32-A04A-2E61D4D09E25}
	EndGlobalSection
EndGlobal
